{
	"name": "@woovi-playground/web",
	"version": "1.0.0",
	"private": true,
	"scripts": {
		"build": "next build",
		"config:local": "cp .env.example .env",
		"dev": "next dev",
		"lint": "next lint",
		"relay": "relay-compiler",
		"start": "next start",
		"test": "jest"
	},
	"dependencies": {
		"react": "^18.0.0",
		"react-dom": "^18.0.0",
		"@emotion/react": "^11.14.0",
		"@emotion/server": "^11.11.0",
		"@emotion/styled": "^11.14.0",
		"@mui/icons-material": "^5.17.1",
		"@mui/material": "^5.17.1",
		"@woovi-playground/ui": "^0.0.0",
		"graphql-ws": "^5.16.2",
		"luxon": "^3.6.1",
		"next": "latest",
		"react-relay": "^15.0.0",
		"relay-runtime": "^15.0.0"
	},
	"devDependencies": {
		"@testing-library/jest-dom": "^6.6.3",
		"@testing-library/react": "^16.3.0",
		"@types/jest": "^29.5.14",
		"@types/luxon": "^3.6.2",
		"@types/node": "^17.0.45",
		"@types/react": "^18.3.20",
		"@types/react-dom": "^18.3.7",
		"@types/react-relay": "^14.1.7",
		"@types/relay-runtime": "^14.1.24",
		"@types/testing-library__react": "^10.2.0",
		"@woovi-playground/eslint-config-custom": "^0.0.0",
		"@woovi-playground/tsconfig": "^0.0.0",
		"jest": "^29.7.0",
		"relay-compiler": "^15.0.0",
		"relay-test-utils": "^18.2.0",
		"ts-jest": "^29.3.2",
		"typescript": "^5.8.3"
	}
}
